{
  "name": "Ionic",
  "lockfileVersion": 2,
  "requires": true,
  "packages": {
    "": {
      "dependencies": {
        "@awesome-cordova-plugins/camera": "^5.45.0",
        "cordova-plugin-camera": "^6.0.0"
      }
    },
    "node_modules/@awesome-cordova-plugins/camera": {
      "version": "5.45.0",
      "resolved": "https://registry.npmjs.org/@awesome-cordova-plugins/camera/-/camera-5.45.0.tgz",
      "integrity": "sha512-Y3Ae88oEY6rYUE8rtznUTcpVcOsumO7+x2VArlHWnwkqhPAOMe0JlgDeVELk+MRwLabGk6J8PTQDWx3DkFJWDA==",
      "dependencies": {
        "@types/cordova": "latest"
      },
      "peerDependencies": {
        "@awesome-cordova-plugins/core": "^5.1.0",
        "rxjs": "^5.5.0 || ^6.5.0 || ^7.3.0"
      }
    },
    "node_modules/@awesome-cordova-plugins/core": {
      "version": "5.45.0",
      "resolved": "https://registry.npmjs.org/@awesome-cordova-plugins/core/-/core-5.45.0.tgz",
      "integrity": "sha512-VrFNy6KLu3yyIKX3+6knUTDfSy59MPWUDni31ypGIQyxZv0eInuAgy3D4dhEdSbTkCIRyF40u4CJk4bN5zUYzQ==",
      "peer": true,
      "dependencies": {
        "@types/cordova": "latest"
      },
      "peerDependencies": {
        "rxjs": "^5.5.0 || ^6.5.0 || ^7.3.0"
      }
    },
    "node_modules/@types/cordova": {
      "version": "0.0.34",
      "resolved": "https://registry.npmjs.org/@types/cordova/-/cordova-0.0.34.tgz",
      "integrity": "sha512-rkiiTuf/z2wTd4RxFOb+clE7PF4AEJU0hsczbUdkHHBtkUmpWQpEddynNfJYKYtZFJKbq4F+brfekt1kx85IZA=="
    },
    "node_modules/cordova-plugin-camera": {
      "version": "6.0.0",
      "resolved": "https://registry.npmjs.org/cordova-plugin-camera/-/cordova-plugin-camera-6.0.0.tgz",
      "integrity": "sha512-FTFKep8HZI/2HkX+Gc/dUACfZGV9+k9waXlgoEOKXOiPPR/1zBw29Mw+adcz4FQUpdWyAgYDxNiaPUnP0P+H2Q==",
      "engines": {
        "cordovaDependencies": {
          "3.0.0": {
            "cordova-android": ">=6.3.0"
          },
          "4.1.0": {
            "cordova": ">=7.1.0",
            "cordova-android": ">=6.3.0"
          },
          "5.0.0": {
            "cordova": ">=9.0.0",
            "cordova-android": ">=9.0.0",
            "cordova-ios": ">=5.1.0"
          },
          "5.0.4-dev": {
            "cordova": ">=9.0.0",
            "cordova-android": "<10.0.0",
            "cordova-ios": ">=5.1.0"
          },
          "6.0.0": {
            "cordova": ">=9.0.0",
            "cordova-android": ">=10.0.0",
            "cordova-ios": ">=5.1.0"
          },
          "7.0.0": {
            "cordova": ">100"
          }
        }
      }
    },
    "node_modules/rxjs": {
      "version": "7.5.6",
      "resolved": "https://registry.npmjs.org/rxjs/-/rxjs-7.5.6.tgz",
      "integrity": "sha512-dnyv2/YsXhnm461G+R/Pe5bWP41Nm6LBXEYWI6eiFP4fiwx6WRI/CD0zbdVAudd9xwLEF2IDcKXLHit0FYjUzw==",
      "peer": true,
      "dependencies": {
        "tslib": "^2.1.0"
      }
    },
    "node_modules/tslib": {
      "version": "2.4.0",
      "resolved": "https://registry.npmjs.org/tslib/-/tslib-2.4.0.tgz",
      "integrity": "sha512-d6xOpEDfsi2CZVlPQzGeux8XMwLT9hssAsaPYExaQMuYskwb+x1x7J371tWlbBdWHroy99KnVB6qIkUbs5X3UQ==",
      "peer": true
    }
  },
  "dependencies": {
    "@awesome-cordova-plugins/camera": {
      "version": "5.45.0",
      "resolved": "https://registry.npmjs.org/@awesome-cordova-plugins/camera/-/camera-5.45.0.tgz",
      "integrity": "sha512-Y3Ae88oEY6rYUE8rtznUTcpVcOsumO7+x2VArlHWnwkqhPAOMe0JlgDeVELk+MRwLabGk6J8PTQDWx3DkFJWDA==",
      "requires": {
        "@types/cordova": "latest"
      }
    },
    "@awesome-cordova-plugins/core": {
      "version": "5.45.0",
      "resolved": "https://registry.npmjs.org/@awesome-cordova-plugins/core/-/core-5.45.0.tgz",
      "integrity": "sha512-VrFNy6KLu3yyIKX3+6knUTDfSy59MPWUDni31ypGIQyxZv0eInuAgy3D4dhEdSbTkCIRyF40u4CJk4bN5zUYzQ==",
      "peer": true,
      "requires": {
        "@types/cordova": "latest"
      }
    },
    "@types/cordova": {
      "version": "0.0.34",
      "resolved": "https://registry.npmjs.org/@types/cordova/-/cordova-0.0.34.tgz",
      "integrity": "sha512-rkiiTuf/z2wTd4RxFOb+clE7PF4AEJU0hsczbUdkHHBtkUmpWQpEddynNfJYKYtZFJKbq4F+brfekt1kx85IZA=="
    },
    "cordova-plugin-camera": {
      "version": "6.0.0",
      "resolved": "https://registry.npmjs.org/cordova-plugin-camera/-/cordova-plugin-camera-6.0.0.tgz",
      "integrity": "sha512-FTFKep8HZI/2HkX+Gc/dUACfZGV9+k9waXlgoEOKXOiPPR/1zBw29Mw+adcz4FQUpdWyAgYDxNiaPUnP0P+H2Q=="
    },
    "rxjs": {
      "version": "7.5.6",
      "resolved": "https://registry.npmjs.org/rxjs/-/rxjs-7.5.6.tgz",
      "integrity": "sha512-dnyv2/YsXhnm461G+R/Pe5bWP41Nm6LBXEYWI6eiFP4fiwx6WRI/CD0zbdVAudd9xwLEF2IDcKXLHit0FYjUzw==",
      "peer": true,
      "requires": {
        "tslib": "^2.1.0"
      }
    },
    "tslib": {
      "version": "2.4.0",
      "resolved": "https://registry.npmjs.org/tslib/-/tslib-2.4.0.tgz",
      "integrity": "sha512-d6xOpEDfsi2CZVlPQzGeux8XMwLT9hssAsaPYExaQMuYskwb+x1x7J371tWlbBdWHroy99KnVB6qIkUbs5X3UQ==",
      "peer": true
    }
  }
}
